{
  "lockfile_version": "1",
  "packages": {
    "boost.dev": {
      "resolved": "github:NixOS/nixpkgs/fdb6c240562c5ad516253419cc6f26819705d3e0?narHash=sha256-IpldIaWrlasZZlKHPxitkrJ1ex4EVphuWYXVDdF5kf4%3D#boost.dev",
      "source": "nixpkg"
    },
    "boost@latest": {
      "last_modified": "2025-10-07T08:41:47Z",
      "resolved": "github:NixOS/nixpkgs/bce5fe2bb998488d8e7e7856315f90496723793c#boost",
      "source": "devbox-search",
      "version": "1.87.0",
      "systems": {
        "aarch64-darwin": {
          "outputs": [
            {
              "name": "out",
              "path": "/nix/store/9yvd3ws2kkvi1mwjj1m44wb7ifn5jwcp-boost-1.87.0",
              "default": true
            },
            {
              "name": "dev",
              "path": "/nix/store/hvjrl2dfxcgpl43cdz75pll6nv9rb8ai-boost-1.87.0-dev"
            }
          ],
          "store_path": "/nix/store/9yvd3ws2kkvi1mwjj1m44wb7ifn5jwcp-boost-1.87.0"
        },
        "aarch64-linux": {
          "outputs": [
            {
              "name": "out",
              "path": "/nix/store/zvx8j31ng97ldc969hyziap8lgg5qhyi-boost-1.87.0",
              "default": true
            },
            {
              "name": "dev",
              "path": "/nix/store/h6m391g1dvd8d8qs94xh59ski4fbcyk8-boost-1.87.0-dev"
            }
          ],
          "store_path": "/nix/store/zvx8j31ng97ldc969hyziap8lgg5qhyi-boost-1.87.0"
        },
        "x86_64-darwin": {
          "outputs": [
            {
              "name": "out",
              "path": "/nix/store/k15blmch91i0n9vwx2x7p3w8vqggfza3-boost-1.87.0",
              "default": true
            },
            {
              "name": "dev",
              "path": "/nix/store/2z6x7dzap3liz2183diz9s1dhbax4fvk-boost-1.87.0-dev"
            }
          ],
          "store_path": "/nix/store/k15blmch91i0n9vwx2x7p3w8vqggfza3-boost-1.87.0"
        },
        "x86_64-linux": {
          "outputs": [
            {
              "name": "out",
              "path": "/nix/store/3f961lfjaswpa07sscarl5fffy05iwag-boost-1.87.0",
              "default": true
            },
            {
              "name": "dev",
              "path": "/nix/store/pfljy718vzlbycg1l9rzzh8rpzcjg9il-boost-1.87.0-dev"
            }
          ],
          "store_path": "/nix/store/3f961lfjaswpa07sscarl5fffy05iwag-boost-1.87.0"
        }
      }
    },
    "clang-tools@latest": {
      "last_modified": "2025-05-16T20:19:48Z",
      "resolved": "github:NixOS/nixpkgs/12a55407652e04dcf2309436eb06fef0d3713ef3#clang-tools",
      "source": "devbox-search",
      "version": "19.1.7",
      "systems": {
        "aarch64-darwin": {
          "outputs": [
            {
              "name": "out",
              "path": "/nix/store/d12c7ny0s98iiycg0b2a4pdqn6fg97a2-clang-tools-19.1.7",
              "default": true
            }
          ],
          "store_path": "/nix/store/d12c7ny0s98iiycg0b2a4pdqn6fg97a2-clang-tools-19.1.7"
        },
        "aarch64-linux": {
          "outputs": [
            {
              "name": "out",
              "path": "/nix/store/dkkmczwslzdvk128sfvmp9xgrg0s2yby-clang-tools-19.1.7",
              "default": true
            }
          ],
          "store_path": "/nix/store/dkkmczwslzdvk128sfvmp9xgrg0s2yby-clang-tools-19.1.7"
        },
        "x86_64-darwin": {
          "outputs": [
            {
              "name": "out",
              "path": "/nix/store/22h6pcivzrx1nzrkxjgwy0j0n7mcidd4-clang-tools-19.1.7",
              "default": true
            }
          ],
          "store_path": "/nix/store/22h6pcivzrx1nzrkxjgwy0j0n7mcidd4-clang-tools-19.1.7"
        },
        "x86_64-linux": {
          "outputs": [
            {
              "name": "out",
              "path": "/nix/store/06gf7f983rjm28pmycy732hdj4i7x0v8-clang-tools-19.1.7",
              "default": true
            }
          ],
          "store_path": "/nix/store/06gf7f983rjm28pmycy732hdj4i7x0v8-clang-tools-19.1.7"
        }
      }
    },
    "clang@latest": {
      "last_modified": "2025-05-16T20:19:48Z",
      "resolved": "github:NixOS/nixpkgs/12a55407652e04dcf2309436eb06fef0d3713ef3#clang",
      "source": "devbox-search",
      "version": "19.1.7",
      "systems": {
        "aarch64-darwin": {
          "outputs": [
            {
              "name": "out",
              "path": "/nix/store/cvhbqa01i5yy7xmmpqp1hbnvq7kpvgsx-clang-wrapper-19.1.7",
              "default": true
            }
          ],
          "store_path": "/nix/store/cvhbqa01i5yy7xmmpqp1hbnvq7kpvgsx-clang-wrapper-19.1.7"
        },
        "aarch64-linux": {
          "outputs": [
            {
              "name": "out",
              "path": "/nix/store/vp6zgsnwkqjn89lgdkizr2vpxp6zvv9m-clang-wrapper-19.1.7",
              "default": true
            }
          ],
          "store_path": "/nix/store/vp6zgsnwkqjn89lgdkizr2vpxp6zvv9m-clang-wrapper-19.1.7"
        },
        "x86_64-darwin": {
          "outputs": [
            {
              "name": "out",
              "path": "/nix/store/cm1kj0v0xpsql7fww3hv7f3z930k2fnw-clang-wrapper-19.1.7",
              "default": true
            }
          ],
          "store_path": "/nix/store/cm1kj0v0xpsql7fww3hv7f3z930k2fnw-clang-wrapper-19.1.7"
        },
        "x86_64-linux": {
          "outputs": [
            {
              "name": "out",
              "path": "/nix/store/fmysfy9gl5d59yir4fksi29wz10maljg-clang-wrapper-19.1.7",
              "default": true
            }
          ],
          "store_path": "/nix/store/fmysfy9gl5d59yir4fksi29wz10maljg-clang-wrapper-19.1.7"
        }
      }
    },
    "cli11@latest": {
      "last_modified": "2025-11-23T21:50:36Z",
      "resolved": "github:NixOS/nixpkgs/ee09932cedcef15aaf476f9343d1dea2cb77e261#cli11",
      "source": "devbox-search",
      "version": "2.5.0",
      "systems": {
        "aarch64-darwin": {
          "outputs": [
            {
              "name": "out",
              "path": "/nix/store/2xr54pnsy6235inw76v5qy4cy5wn4p4f-cli11-2.5.0",
              "default": true
            }
          ],
          "store_path": "/nix/store/2xr54pnsy6235inw76v5qy4cy5wn4p4f-cli11-2.5.0"
        },
        "aarch64-linux": {
          "outputs": [
            {
              "name": "out",
              "path": "/nix/store/wkdzllikdsrcah3p28rh08518d6a335l-cli11-2.5.0",
              "default": true
            }
          ],
          "store_path": "/nix/store/wkdzllikdsrcah3p28rh08518d6a335l-cli11-2.5.0"
        },
        "x86_64-darwin": {
          "outputs": [
            {
              "name": "out",
              "path": "/nix/store/9vi9bn023iq2bs3rckmxrhlhrpzr5cdz-cli11-2.5.0",
              "default": true
            }
          ],
          "store_path": "/nix/store/9vi9bn023iq2bs3rckmxrhlhrpzr5cdz-cli11-2.5.0"
        },
        "x86_64-linux": {
          "outputs": [
            {
              "name": "out",
              "path": "/nix/store/8zhvi7m79rlzbdcs8vir82gn1pn2cppv-cli11-2.5.0",
              "default": true
            }
          ],
          "store_path": "/nix/store/8zhvi7m79rlzbdcs8vir82gn1pn2cppv-cli11-2.5.0"
        }
      }
    },
    "cmake@latest": {
      "last_modified": "2025-11-23T21:50:36Z",
      "resolved": "github:NixOS/nixpkgs/ee09932cedcef15aaf476f9343d1dea2cb77e261#cmake",
      "source": "devbox-search",
      "version": "4.1.2",
      "systems": {
        "aarch64-darwin": {
          "outputs": [
            {
              "name": "out",
              "path": "/nix/store/0v5vpvwbl94qv9447jz995i4n9mx4l63-cmake-4.1.2",
              "default": true
            }
          ],
          "store_path": "/nix/store/0v5vpvwbl94qv9447jz995i4n9mx4l63-cmake-4.1.2"
        },
        "aarch64-linux": {
          "outputs": [
            {
              "name": "out",
              "path": "/nix/store/ipjw0mbzcycidbw62gsz47cgivqxm2lv-cmake-4.1.2",
              "default": true
            },
            {
              "name": "debug",
              "path": "/nix/store/4m6l2qb5s7vyirybbn3c5k1rv2dww1vy-cmake-4.1.2-debug"
            }
          ],
          "store_path": "/nix/store/ipjw0mbzcycidbw62gsz47cgivqxm2lv-cmake-4.1.2"
        },
        "x86_64-darwin": {
          "outputs": [
            {
              "name": "out",
              "path": "/nix/store/i7c7r2g0zycvi7wh3rnw1dx3aglbvw2d-cmake-4.1.2",
              "default": true
            }
          ],
          "store_path": "/nix/store/i7c7r2g0zycvi7wh3rnw1dx3aglbvw2d-cmake-4.1.2"
        },
        "x86_64-linux": {
          "outputs": [
            {
              "name": "out",
              "path": "/nix/store/w9jm660dykns6hzrdhxmqfywnc9ail8g-cmake-4.1.2",
              "default": true
            },
            {
              "name": "debug",
              "path": "/nix/store/pnizhra0882ijp3nilvzdzbaa0ayq4hd-cmake-4.1.2-debug"
            }
          ],
          "store_path": "/nix/store/w9jm660dykns6hzrdhxmqfywnc9ail8g-cmake-4.1.2"
        }
      }
    },
    "gcc.cc.lib": {
      "resolved": "github:NixOS/nixpkgs/fdb6c240562c5ad516253419cc6f26819705d3e0?narHash=sha256-IpldIaWrlasZZlKHPxitkrJ1ex4EVphuWYXVDdF5kf4%3D#gcc.cc.lib",
      "source": "nixpkg"
    },
    "gcc@13.3": {
      "last_modified": "2024-12-03T12:40:06Z",
      "resolved": "github:NixOS/nixpkgs/566e53c2ad750c84f6d31f9ccb9d00f823165550#gcc",
      "source": "devbox-search",
      "version": "13.3.0",
      "systems": {
        "aarch64-darwin": {
          "outputs": [
            {
              "name": "out",
              "path": "/nix/store/3hq83bgy41m9xpifm3hknjf96v75sg33-gcc-wrapper-13.3.0",
              "default": true
            },
            {
              "name": "man",
              "path": "/nix/store/ncrvhf5cml7cpi34ah1fvpablyk9j3jf-gcc-wrapper-13.3.0-man",
              "default": true
            },
            {
              "name": "info",
              "path": "/nix/store/95lwddr3xhz110pyjkg9i7zczbi32bjb-gcc-wrapper-13.3.0-info"
            }
          ],
          "store_path": "/nix/store/3hq83bgy41m9xpifm3hknjf96v75sg33-gcc-wrapper-13.3.0"
        },
        "aarch64-linux": {
          "outputs": [
            {
              "name": "out",
              "path": "/nix/store/ay4xxbjafns12mn2ilhz4y7d3m3ziwqg-gcc-wrapper-13.3.0",
              "default": true
            },
            {
              "name": "man",
              "path": "/nix/store/5y6fmjxpv2xc7zhvn02w4ikg1n1rgm0d-gcc-wrapper-13.3.0-man",
              "default": true
            },
            {
              "name": "info",
              "path": "/nix/store/b0b2h9n97bpwrdxnazh70nlv0knlpd7s-gcc-wrapper-13.3.0-info"
            }
          ],
          "store_path": "/nix/store/ay4xxbjafns12mn2ilhz4y7d3m3ziwqg-gcc-wrapper-13.3.0"
        },
        "x86_64-darwin": {
          "outputs": [
            {
              "name": "out",
              "path": "/nix/store/hjrymxy8p9fkcqzdi4qd6qcvy9fdkcn1-gcc-wrapper-13.3.0",
              "default": true
            },
            {
              "name": "man",
              "path": "/nix/store/156gcfrrmschaslcc4vbblmg86wcv1wb-gcc-wrapper-13.3.0-man",
              "default": true
            },
            {
              "name": "info",
              "path": "/nix/store/9msszmhia74i4x5bcz8w5pnqnyj0r563-gcc-wrapper-13.3.0-info"
            }
          ],
          "store_path": "/nix/store/hjrymxy8p9fkcqzdi4qd6qcvy9fdkcn1-gcc-wrapper-13.3.0"
        },
        "x86_64-linux": {
          "outputs": [
            {
              "name": "out",
              "path": "/nix/store/4apajimszc47rxwcpvc3g3rj2icinl71-gcc-wrapper-13.3.0",
              "default": true
            },
            {
              "name": "man",
              "path": "/nix/store/g6dl0niwffyhk1l59r4zxv94fklx7ijg-gcc-wrapper-13.3.0-man",
              "default": true
            },
            {
              "name": "info",
              "path": "/nix/store/nhjmrmkzyqsff9maxrl0pskqbizpqikz-gcc-wrapper-13.3.0-info"
            }
          ],
          "store_path": "/nix/store/4apajimszc47rxwcpvc3g3rj2icinl71-gcc-wrapper-13.3.0"
        }
      }
    },
    "github:NixOS/nixpkgs/nixpkgs-unstable": {
      "last_modified": "2025-04-28T20:04:36Z",
      "resolved": "github:NixOS/nixpkgs/fdb6c240562c5ad516253419cc6f26819705d3e0?lastModified=1745870676&narHash=sha256-IpldIaWrlasZZlKHPxitkrJ1ex4EVphuWYXVDdF5kf4%3D"
    },
    "libsodium@latest": {
      "last_modified": "2025-12-04T22:20:37Z",
      "resolved": "github:NixOS/nixpkgs/bd88d6c13ab85cc842b93d53f68d6d40412e5a18#libsodium",
      "source": "devbox-search",
      "version": "1.0.20",
      "systems": {
        "aarch64-darwin": {
          "outputs": [
            {
              "name": "out",
              "path": "/nix/store/1qq3w9w4c0clym1xf8nc662z3l0m62z9-libsodium-1.0.20",
              "default": true
            },
            {
              "name": "dev",
              "path": "/nix/store/0rn6ca0zy7f39zcdjjcp67pjx07il6zs-libsodium-1.0.20-dev"
            }
          ],
          "store_path": "/nix/store/1qq3w9w4c0clym1xf8nc662z3l0m62z9-libsodium-1.0.20"
        },
        "aarch64-linux": {
          "outputs": [
            {
              "name": "out",
              "path": "/nix/store/chp2vpwhd133fhhzq6v5dg4sg1kryzyf-libsodium-1.0.20",
              "default": true
            },
            {
              "name": "debug",
              "path": "/nix/store/0jhb9g5rx4q8613kcqvhl6cbahb03ngr-libsodium-1.0.20-debug"
            },
            {
              "name": "dev",
              "path": "/nix/store/ph9i1qmh4vd5jn712jjhcc8rnqjyzj65-libsodium-1.0.20-dev"
            }
          ],
          "store_path": "/nix/store/chp2vpwhd133fhhzq6v5dg4sg1kryzyf-libsodium-1.0.20"
        },
        "x86_64-darwin": {
          "outputs": [
            {
              "name": "out",
              "path": "/nix/store/pfbz255qyp8xh5yhfg4mj7g258pw2ziz-libsodium-1.0.20",
              "default": true
            },
            {
              "name": "dev",
              "path": "/nix/store/shaf833kdglvlg0rbp8j5rnx59g2jc06-libsodium-1.0.20-dev"
            }
          ],
          "store_path": "/nix/store/pfbz255qyp8xh5yhfg4mj7g258pw2ziz-libsodium-1.0.20"
        },
        "x86_64-linux": {
          "outputs": [
            {
              "name": "out",
              "path": "/nix/store/3d0pz2rax1v3b05lwjqlm4zi6dklnhs5-libsodium-1.0.20",
              "default": true
            },
            {
              "name": "debug",
              "path": "/nix/store/16q0bbg9ih2bgm37gvly6r2j27nbhz8r-libsodium-1.0.20-debug"
            },
            {
              "name": "dev",
              "path": "/nix/store/iwdrbfqmbxd62d50sg2ixx6lq40xm5pm-libsodium-1.0.20-dev"
            }
          ],
          "store_path": "/nix/store/3d0pz2rax1v3b05lwjqlm4zi6dklnhs5-libsodium-1.0.20"
        }
      }
    },
    "pkgconfig@latest": {
      "last_modified": "2023-02-24T09:01:09Z",
      "resolved": "github:NixOS/nixpkgs/7d0ed7f2e5aea07ab22ccb338d27fbe347ed2f11#pkgconfig",
      "source": "devbox-search",
      "version": "0.29.2"
    },
    "rerun@latest": {
      "last_modified": "2025-10-07T08:41:47Z",
      "resolved": "github:NixOS/nixpkgs/bce5fe2bb998488d8e7e7856315f90496723793c#rerun",
      "source": "devbox-search",
      "version": "0.25.1",
      "systems": {
        "aarch64-darwin": {
          "outputs": [
            {
              "name": "out",
              "path": "/nix/store/2fky9p3m9512jfi1qv29cgpc85vsfanm-rerun-0.25.1",
              "default": true
            }
          ],
          "store_path": "/nix/store/2fky9p3m9512jfi1qv29cgpc85vsfanm-rerun-0.25.1"
        },
        "aarch64-linux": {
          "outputs": [
            {
              "name": "out",
              "path": "/nix/store/j7slprs1ppdaz1skwy19rswfdvz27wdz-rerun-0.25.1",
              "default": true
            }
          ],
          "store_path": "/nix/store/j7slprs1ppdaz1skwy19rswfdvz27wdz-rerun-0.25.1"
        },
        "x86_64-darwin": {
          "outputs": [
            {
              "name": "out",
              "path": "/nix/store/c23w7r3vczsgy9pr3jcyaygmqmvhl7gv-rerun-0.25.1",
              "default": true
            }
          ],
          "store_path": "/nix/store/c23w7r3vczsgy9pr3jcyaygmqmvhl7gv-rerun-0.25.1"
        },
        "x86_64-linux": {
          "outputs": [
            {
              "name": "out",
              "path": "/nix/store/3lcv6pj1f5wjfc2ya5fd6q0h46vac781-rerun-0.25.1",
              "default": true
            }
          ],
          "store_path": "/nix/store/3lcv6pj1f5wjfc2ya5fd6q0h46vac781-rerun-0.25.1"
        }
      }
    },
    "stdenv@latest": {
      "last_modified": "2023-02-24T09:01:09Z",
      "resolved": "github:NixOS/nixpkgs/7d0ed7f2e5aea07ab22ccb338d27fbe347ed2f11#stdenv",
      "source": "devbox-search"
    }
  }
}
